
Microsoft Visual Studio Solution File, Format Version 12.00
# Visual Studio Version 17
VisualStudioVersion = 17.9.34723.18
MinimumVisualStudioVersion = 10.0.40219.1
Project("{FAE04EC0-301F-11D3-BF4B-00C04F79EFBC}") = "EventFlowAPI", "EventFlowAPI\EventFlowAPI.csproj", "{B7974D77-568B-444D-9C0D-A29C68F10A10}"
EndProject
Global
	GlobalSection(SolutionConfigurationPlatforms) = preSolution
		Debug|Any CPU = Debug|Any CPU
		Release|Any CPU = Release|Any CPU
	EndGlobalSection
	GlobalSection(ProjectConfigurationPlatforms) = postSolution
		{B7974D77-568B-444D-9C0D-A29C68F10A10}.Debug|Any CPU.ActiveCfg = Debug|Any CPU
		{B7974D77-568B-444D-9C0D-A29C68F10A10}.Debug|Any CPU.Build.0 = Debug|Any CPU
		{B7974D77-568B-444D-9C0D-A29C68F10A10}.Release|Any CPU.ActiveCfg = Release|Any CPU
		{B7974D77-568B-444D-9C0D-A29C68F10A10}.Release|Any CPU.Build.0 = Release|Any CPU
	EndGlobalSection
	GlobalSection(SolutionProperties) = preSolution
		HideSolutionNode = FALSE
	EndGlobalSection
	GlobalSection(ExtensibilityGlobals) = postSolution
		SolutionGuid = {50DD8ABB-17C5-45AA-970D-F9291AD37E63}
	EndGlobalSection
EndGlobal
